{
    "_readme": [
        "This file locks the dependencies of your project to a known state",
        "Read more about it at https://getcomposer.org/doc/01-basic-usage.md#composer-lock-the-lock-file",
        "This file is @generated automatically"
    ],
    "content-hash": "46647f468594010f02c16a1788ee4f4d",
    "packages": [
        {
            "name": "dashifen/containers",
            "version": "1.1.3",
            "source": {
                "type": "git",
                "url": "https://github.com/dashifen/container.git",
                "reference": "879d86c4a745ab6c7350b03faf5803b4f15a707a"
            },
            "dist": {
                "type": "zip",
                "url": "https://api.github.com/repos/dashifen/container/zipball/879d86c4a745ab6c7350b03faf5803b4f15a707a",
                "reference": "879d86c4a745ab6c7350b03faf5803b4f15a707a",
                "shasum": ""
            },
            "require": {
                "dashifen/exception": "1.1.*",
                "php": "^7.0"
            },
            "type": "library",
            "autoload": {
                "psr-4": {
                    "Dashifen\\Container\\": "src"
                }
            },
            "notification-url": "https://packagist.org/downloads/",
            "license": [
                "WTFPL"
            ],
            "authors": [
                {
                    "name": "David Dashifen Kees",
                    "email": "dashifen@dashifen.com",
                    "role": "developer"
                }
            ],
            "description": "A read-only with setters style object from which many objects can grow.",
            "time": "2019-03-19T11:26:05+00:00"
        },
        {
            "name": "dashifen/exception",
            "version": "1.1.0",
            "source": {
                "type": "git",
                "url": "https://github.com/dashifen/exception.git",
                "reference": "8c1063dcfe347ae990cda913207331772db78771"
            },
            "dist": {
                "type": "zip",
                "url": "https://api.github.com/repos/dashifen/exception/zipball/8c1063dcfe347ae990cda913207331772db78771",
                "reference": "8c1063dcfe347ae990cda913207331772db78771",
                "shasum": ""
            },
            "require": {
                "php": ">=7"
            },
            "type": "library",
            "autoload": {
                "psr-4": {
                    "Dashifen\\Exception\\": "src/"
                }
            },
            "notification-url": "https://packagist.org/downloads/",
            "license": [
                "MIT"
            ],
            "authors": [
                {
                    "name": "David Dashifen Kees",
                    "email": "dashifen@dashifen.com",
                    "homepage": "https://dashifen.com",
                    "role": "developer"
                }
            ],
            "description": "a base class for exceptions in Dashifen's other work",
            "time": "2018-09-28T15:41:12+00:00"
        }
    ],
    "packages-dev": [],
    "aliases": [],
    "minimum-stability": "dev",
    "stability-flags": [],
    "prefer-stable": true,
    "prefer-lowest": false,
    "platform": {
        "php": ">=7.2"
    },
    "platform-dev": []
}
